{
  "name": "@manekinekko/dragon-baby",
  "version": "1.0.0",
  "lockfileVersion": 1,
  "requires": true,
  "dependencies": {
    "ansi.js": {
      "version": "0.0.5",
      "resolved": "https://registry.npmjs.org/ansi.js/-/ansi.js-0.0.5.tgz",
      "integrity": "sha1-4+nkXraXe6Du7u0RZ30SFEZ1NIw=",
      "requires": {
        "on-new-line": "0.0.1"
      },
      "dependencies": {
        "on-new-line": {
          "version": "0.0.1",
          "resolved": "https://registry.npmjs.org/on-new-line/-/on-new-line-0.0.1.tgz",
          "integrity": "sha1-mTOcsG3P4+eNaWSi7yrzdKFF+Ps="
        }
      }
    },
    "ascii-progress": {
      "version": "1.0.5",
      "resolved": "https://registry.npmjs.org/ascii-progress/-/ascii-progress-1.0.5.tgz",
      "integrity": "sha1-lhCqEnq3lK9WHok2E8NskG942e4=",
      "requires": {
        "ansi.js": "0.0.5",
        "end-with": "^1.0.2",
        "get-cursor-position": "1.0.3",
        "on-new-line": "1.0.0",
        "start-with": "^1.0.2"
      }
    },
    "end-with": {
      "version": "1.0.2",
      "resolved": "https://registry.npmjs.org/end-with/-/end-with-1.0.2.tgz",
      "integrity": "sha1-pDJ1WrT1Hn/HTzpxnGuB311mi9w="
    },
    "get-cursor-position": {
      "version": "1.0.3",
      "resolved": "https://registry.npmjs.org/get-cursor-position/-/get-cursor-position-1.0.3.tgz",
      "integrity": "sha1-DkHWA0O3BYNqUo1ppeCZ4sUQjWM="
    },
    "on-new-line": {
      "version": "1.0.0",
      "resolved": "https://registry.npmjs.org/on-new-line/-/on-new-line-1.0.0.tgz",
      "integrity": "sha1-hYW8KGbIwOGS5BCm1jvdFyIUiuc="
    },
    "start-with": {
      "version": "1.0.2",
      "resolved": "https://registry.npmjs.org/start-with/-/start-with-1.0.2.tgz",
      "integrity": "sha1-oGml9GqV/Kfwh0+Foo9lPQCVwmc="
    }
  }
}
